{
  "nodes": {
    "nixpkgs": {
      "locked": {
        "lastModified": 1693500674,
        "narHash": "sha256-HDlg/j0Et+D8NWayNOsdvZrJ+nA4h3muXQxIMUlpDXo=",
        "owner": "nixos",
        "repo": "nixpkgs",
        "rev": "da938d190e2335209df6806ddcb982634e51918c",
        "type": "github"
      },
      "original": {
        "owner": "nixos",
        "ref": "nixpkgs-unstable",
        "repo": "nixpkgs",
        "type": "github"
      }
    },
    "root": {
      "inputs": {
        "nixpkgs": "nixpkgs"
      }
    }
  },
  "root": "root",
  "version": 7
}
